// !$*UTF8*$!
{
	archiveVersion = 1;
	classes = {
	};
	objectVersion = 77;
	objects = {

/* Begin PBXContainerItemProxy section */
		8985E9F82CE9F584005E6E3A /* PBXContainerItemProxy */ = {
			isa = PBXContainerItemProxy;
			containerPortal = 8985E9DF2CE9F582005E6E3A /* Project object */;
			proxyType = 1;
			remoteGlobalIDString = 8985E9E62CE9F582005E6E3A;
			remoteInfo = PERSIONCRUD;
		};
		8985EA022CE9F584005E6E3A /* PBXContainerItemProxy */ = {
			isa = PBXContainerItemProxy;
			containerPortal = 8985E9DF2CE9F582005E6E3A /* Project object */;
			proxyType = 1;
			remoteGlobalIDString = 8985E9E62CE9F582005E6E3A;
			remoteInfo = PERSIONCRUD;
		};
/* End PBXContainerItemProxy section */

/* Begin PBXFileReference section */
		8985E9E72CE9F582005E6E3A /* PERSIONCRUD.app */ = {isa = PBXFileReference; explicitFileType = wrapper.application; includeInIndex = 0; path = PERSIONCRUD.app; sourceTree = BUILT_PRODUCTS_DIR; };
		8985E9F72CE9F584005E6E3A /* PERSIONCRUDTests.xctest */ = {isa = PBXFileReference; explicitFileType = wrapper.cfbundle; includeInIndex = 0; path = PERSIONCRUDTests.xctest; sourceTree = BUILT_PRODUCTS_DIR; };
		8985EA012CE9F584005E6E3A /* PERSIONCRUDUITests.xctest */ = {isa = PBXFileReference; explicitFileType = wrapper.cfbundle; includeInIndex = 0; path = PERSIONCRUDUITests.xctest; sourceTree = BUILT_PRODUCTS_DIR; };
/* End PBXFileReference section */

/* Begin PBXFileSystemSynchronizedRootGroup section */
		8985E9E92CE9F582005E6E3A /* PERSIONCRUD */ = {
			isa = PBXFileSystemSynchronizedRootGroup;
			path = PERSIONCRUD;
			sourceTree = "<group>";
		};
		8985E9FA2CE9F584005E6E3A /* PERSIONCRUDTests */ = {
			isa = PBXFileSystemSynchronizedRootGroup;
			path = PERSIONCRUDTests;
			sourceTree = "<group>";
		};
		8985EA042CE9F584005E6E3A /* PERSIONCRUDUITests */ = {
			isa = PBXFileSystemSynchronizedRootGroup;
			path = PERSIONCRUDUITests;
			sourceTree = "<group>";
		};
/* End PBXFileSystemSynchronizedRootGroup section */

/* Begin PBXFrameworksBuildPhase section */
		8985E9E42CE9F582005E6E3A /* Frameworks */ = {
			isa = PBXFrameworksBuildPhase;
			buildActionMask = 2147483647;
			files = (
			);
			runOnlyForDeploymentPostprocessing = 0;
		};
		8985E9F42CE9F584005E6E3A /* Frameworks */ = {
			isa = PBXFrameworksBuildPhase;
			buildActionMask = 2147483647;
			files = (
			);
			runOnlyForDeploymentPostprocessing = 0;
		};
		8985E9FE2CE9F584005E6E3A /* Frameworks */ = {
			isa = PBXFrameworksBuildPhase;
			buildActionMask = 2147483647;
			files = (
			);
			runOnlyForDeploymentPostprocessing = 0;
		};
/* End PBXFrameworksBuildPhase section */

/* Begin PBXGroup section */
		8985E9DE2CE9F582005E6E3A = {
			isa = PBXGroup;
			children = (
				8985E9E92CE9F582005E6E3A /* PERSIONCRUD */,
				8985E9FA2CE9F584005E6E3A /* PERSIONCRUDTests */,
				8985EA042CE9F584005E6E3A /* PERSIONCRUDUITests */,
				8985E9E82CE9F582005E6E3A /* Products */,
			);
			sourceTree = "<group>";
		};
		8985E9E82CE9F582005E6E3A /* Products */ = {
			isa = PBXGroup;
			children = (
				8985E9E72CE9F582005E6E3A /* PERSIONCRUD.app */,
				8985E9F72CE9F584005E6E3A /* PERSIONCRUDTests.xctest */,
				8985EA012CE9F584005E6E3A /* PERSIONCRUDUITests.xctest */,
			);
			name = Products;
			sourceTree = "<group>";
		};
/* End PBXGroup section */

/* Begin PBXNativeTarget section */
		8985E9E62CE9F582005E6E3A /* PERSIONCRUD */ = {
			isa = PBXNativeTarget;
			buildConfigurationList = 8985EA0B2CE9F584005E6E3A /* Build configuration list for PBXNativeTarget "PERSIONCRUD" */;
			buildPhases = (
				8985E9E32CE9F582005E6E3A /* Sources */,
				8985E9E42CE9F582005E6E3A /* Frameworks */,
				8985E9E52CE9F582005E6E3A /* Resources */,
			);
			buildRules = (
			);
			dependencies = (
			);
			fileSystemSynchronizedGroups = (
				8985E9E92CE9F582005E6E3A /* PERSIONCRUD */,
			);
			name = PERSIONCRUD;
			packageProductDependencies = (
			);
			productName = PERSIONCRUD;
			productReference = 8985E9E72CE9F582005E6E3A /* PERSIONCRUD.app */;
			productType = "com.apple.product-type.application";
		};
		8985E9F62CE9F584005E6E3A /* PERSIONCRUDTests */ = {
			isa = PBXNativeTarget;
			buildConfigurationList = 8985EA0E2CE9F584005E6E3A /* Build configuration list for PBXNativeTarget "PERSIONCRUDTests" */;
			buildPhases = (
				8985E9F32CE9F584005E6E3A /* Sources */,
				8985E9F42CE9F584005E6E3A /* Frameworks */,
				8985E9F52CE9F584005E6E3A /* Resources */,
			);
			buildRules = (
			);
			dependencies = (
				8985E9F92CE9F584005E6E3A /* PBXTargetDependency */,
			);
			fileSystemSynchronizedGroups = (
				8985E9FA2CE9F584005E6E3A /* PERSIONCRUDTests */,
			);
			name = PERSIONCRUDTests;
			packageProductDependencies = (
			);
			productName = PERSIONCRUDTests;
			productReference = 8985E9F72CE9F584005E6E3A /* PERSIONCRUDTests.xctest */;
			productType = "com.apple.product-type.bundle.unit-test";
		};
		8985EA002CE9F584005E6E3A /* PERSIONCRUDUITests */ = {
			isa = PBXNativeTarget;
			buildConfigurationList = 8985EA112CE9F584005E6E3A /* Build configuration list for PBXNativeTarget "PERSIONCRUDUITests" */;
			buildPhases = (
				8985E9FD2CE9F584005E6E3A /* Sources */,
				8985E9FE2CE9F584005E6E3A /* Frameworks */,
				8985E9FF2CE9F584005E6E3A /* Resources */,
			);
			buildRules = (
			);
			dependencies = (
				8985EA032CE9F584005E6E3A /* PBXTargetDependency */,
			);
			fileSystemSynchronizedGroups = (
				8985EA042CE9F584005E6E3A /* PERSIONCRUDUITests */,
			);
			name = PERSIONCRUDUITests;
			packageProductDependencies = (
			);
			productName = PERSIONCRUDUITests;
			productReference = 8985EA012CE9F584005E6E3A /* PERSIONCRUDUITests.xctest */;
			productType = "com.apple.product-type.bundle.ui-testing";
		};
/* End PBXNativeTarget section */

/* Begin PBXProject section */
		8985E9DF2CE9F582005E6E3A /* Project object */ = {
			isa = PBXProject;
			attributes = {
				BuildIndependentTargetsInParallel = 1;
				LastSwiftUpdateCheck = 1600;
				LastUpgradeCheck = 1600;
				TargetAttributes = {
					8985E9E62CE9F582005E6E3A = {
						CreatedOnToolsVersion = 16.0;
					};
					8985E9F62CE9F584005E6E3A = {
						CreatedOnToolsVersion = 16.0;
						TestTargetID = 8985E9E62CE9F582005E6E3A;
					};
					8985EA002CE9F584005E6E3A = {
						CreatedOnToolsVersion = 16.0;
						TestTargetID = 8985E9E62CE9F582005E6E3A;
					};
				};
			};
			buildConfigurationList = 8985E9E22CE9F582005E6E3A /* Build configuration list for PBXProject "PERSIONCRUD" */;
			developmentRegion = en;
			hasScannedForEncodings = 0;
			knownRegions = (
				en,
				Base,
			);
			mainGroup = 8985E9DE2CE9F582005E6E3A;
			minimizedProjectReferenceProxies = 1;
			preferredProjectObjectVersion = 77;
			productRefGroup = 8985E9E82CE9F582005E6E3A /* Products */;
			projectDirPath = "";
			projectRoot = "";
			targets = (
				8985E9E62CE9F582005E6E3A /* PERSIONCRUD */,
				8985E9F62CE9F584005E6E3A /* PERSIONCRUDTests */,
				8985EA002CE9F584005E6E3A /* PERSIONCRUDUITests */,
			);
		};
/* End PBXProject section */

/* Begin PBXResourcesBuildPhase section */
		8985E9E52CE9F582005E6E3A /* Resources */ = {
			isa = PBXResourcesBuildPhase;
			buildActionMask = 2147483647;
			files = (
			);
			runOnlyForDeploymentPostprocessing = 0;
		};
		8985E9F52CE9F584005E6E3A /* Resources */ = {
			isa = PBXResourcesBuildPhase;
			buildActionMask = 2147483647;
			files = (
			);
			runOnlyForDeploymentPostprocessing = 0;
		};
		8985E9FF2CE9F584005E6E3A /* Resources */ = {
			isa = PBXResourcesBuildPhase;
			buildActionMask = 2147483647;
			files = (
			);
			runOnlyForDeploymentPostprocessing = 0;
		};
/* End PBXResourcesBuildPhase section */

/* Begin PBXSourcesBuildPhase section */
		8985E9E32CE9F582005E6E3A /* Sources */ = {
			isa = PBXSourcesBuildPhase;
			buildActionMask = 2147483647;
			files = (
			);
			runOnlyForDeploymentPostprocessing = 0;
		};
		8985E9F32CE9F584005E6E3A /* Sources */ = {
			isa = PBXSourcesBuildPhase;
			buildActionMask = 2147483647;
			files = (
			);
			runOnlyForDeploymentPostprocessing = 0;
		};
		8985E9FD2CE9F584005E6E3A /* Sources */ = {
			isa = PBXSourcesBuildPhase;
			buildActionMask = 2147483647;
			files = (
			);
			runOnlyForDeploymentPostprocessing = 0;
		};
/* End PBXSourcesBuildPhase section */

/* Begin PBXTargetDependency section */
		8985E9F92CE9F584005E6E3A /* PBXTargetDependency */ = {
			isa = PBXTargetDependency;
			target = 8985E9E62CE9F582005E6E3A /* PERSIONCRUD */;
			targetProxy = 8985E9F82CE9F584005E6E3A /* PBXContainerItemProxy */;
		};
		8985EA032CE9F584005E6E3A /* PBXTargetDependency */ = {
			isa = PBXTargetDependency;
			target = 8985E9E62CE9F582005E6E3A /* PERSIONCRUD */;
			targetProxy = 8985EA022CE9F584005E6E3A /* PBXContainerItemProxy */;
		};
/* End PBXTargetDependency section */

/* Begin XCBuildConfiguration section */
		8985EA092CE9F584005E6E3A /* Debug */ = {
			isa = XCBuildConfiguration;
			buildSettings = {
				ALWAYS_SEARCH_USER_PATHS = NO;
				ASSETCATALOG_COMPILER_GENERATE_SWIFT_ASSET_SYMBOL_EXTENSIONS = YES;
				CLANG_ANALYZER_NONNULL = YES;
				CLANG_ANALYZER_NUMBER_OBJECT_CONVERSION = YES_AGGRESSIVE;
				CLANG_CXX_LANGUAGE_STANDARD = "gnu++20";
				CLANG_ENABLE_MODULES = YES;
				CLANG_ENABLE_OBJC_ARC = YES;
				CLANG_ENABLE_OBJC_WEAK = YES;
				CLANG_WARN_BLOCK_CAPTURE_AUTORELEASING = YES;
				CLANG_WARN_BOOL_CONVERSION = YES;
				CLANG_WARN_COMMA = YES;
				CLANG_WARN_CONSTANT_CONVERSION = YES;
				CLANG_WARN_DEPRECATED_OBJC_IMPLEMENTATIONS = YES;
				CLANG_WARN_DIRECT_OBJC_ISA_USAGE = YES_ERROR;
				CLANG_WARN_DOCUMENTATION_COMMENTS = YES;
				CLANG_WARN_EMPTY_BODY = YES;
				CLANG_WARN_ENUM_CONVERSION = YES;
				CLANG_WARN_INFINITE_RECURSION = YES;
				CLANG_WARN_INT_CONVERSION = YES;
				CLANG_WARN_NON_LITERAL_NULL_CONVERSION = YES;
				CLANG_WARN_OBJC_IMPLICIT_RETAIN_SELF = YES;
				CLANG_WARN_OBJC_LITERAL_CONVERSION = YES;
				CLANG_WARN_OBJC_ROOT_CLASS = YES_ERROR;
				CLANG_WARN_QUOTED_INCLUDE_IN_FRAMEWORK_HEADER = YES;
				CLANG_WARN_RANGE_LOOP_ANALYSIS = YES;
				CLANG_WARN_STRICT_PROTOTYPES = YES;
				CLANG_WARN_SUSPICIOUS_MOVE = YES;
				CLANG_WARN_UNGUARDED_AVAILABILITY = YES_AGGRESSIVE;
				CLANG_WARN_UNREACHABLE_CODE = YES;
				CLANG_WARN__DUPLICATE_METHOD_MATCH = YES;
				COPY_PHASE_STRIP = NO;
				DEBUG_INFORMATION_FORMAT = dwarf;
				ENABLE_STRICT_OBJC_MSGSEND = YES;
				ENABLE_TESTABILITY = YES;
				ENABLE_USER_SCRIPT_SANDBOXING = YES;
				GCC_C_LANGUAGE_STANDARD = gnu17;
				GCC_DYNAMIC_NO_PIC = NO;
				GCC_NO_COMMON_BLOCKS = YES;
				GCC_OPTIMIZATION_LEVEL = 0;
				GCC_PREPROCESSOR_DEFINITIONS = (
					"DEBUG=1",
					"$(inherited)",
				);
				GCC_WARN_64_TO_32_BIT_CONVERSION = YES;
				GCC_WARN_ABOUT_RETURN_TYPE = YES_ERROR;
				GCC_WARN_UNDECLARED_SELECTOR = YES;
				GCC_WARN_UNINITIALIZED_AUTOS = YES_AGGRESSIVE;
				GCC_WARN_UNUSED_FUNCTION = YES;
				GCC_WARN_UNUSED_VARIABLE = YES;
				IPHONEOS_DEPLOYMENT_TARGET = 18.0;
				LOCALIZATION_PREFERS_STRING_CATALOGS = YES;
				MTL_ENABLE_DEBUG_INFO = INCLUDE_SOURCE;
				MTL_FAST_MATH = YES;
				ONLY_ACTIVE_ARCH = YES;
				SDKROOT = iphoneos;
				SWIFT_ACTIVE_COMPILATION_CONDITIONS = "DEBUG $(inherited)";
				SWIFT_OPTIMIZATION_LEVEL = "-Onone";
			};
			name = Debug;
		};
		8985EA0A2CE9F584005E6E3A /* Release */ = {
			isa = XCBuildConfiguration;
			buildSettings = {
				ALWAYS_SEARCH_USER_PATHS = NO;
				ASSETCATALOG_COMPILER_GENERATE_SWIFT_ASSET_SYMBOL_EXTENSIONS = YES;
				CLANG_ANALYZER_NONNULL = YES;
				CLANG_ANALYZER_NUMBER_OBJECT_CONVERSION = YES_AGGRESSIVE;
				CLANG_CXX_LANGUAGE_STANDARD = "gnu++20";
				CLANG_ENABLE_MODULES = YES;
				CLANG_ENABLE_OBJC_ARC = YES;
				CLANG_ENABLE_OBJC_WEAK = YES;
				CLANG_WARN_BLOCK_CAPTURE_AUTORELEASING = YES;
				CLANG_WARN_BOOL_CONVERSION = YES;
				CLANG_WARN_COMMA = YES;
				CLANG_WARN_CONSTANT_CONVERSION = YES;
				CLANG_WARN_DEPRECATED_OBJC_IMPLEMENTATIONS = YES;
				CLANG_WARN_DIRECT_OBJC_ISA_USAGE = YES_ERROR;
				CLANG_WARN_DOCUMENTATION_COMMENTS = YES;
				CLANG_WARN_EMPTY_BODY = YES;
				CLANG_WARN_ENUM_CONVERSION = YES;
				CLANG_WARN_INFINITE_RECURSION = YES;
				CLANG_WARN_INT_CONVERSION = YES;
				CLANG_WARN_NON_LITERAL_NULL_CONVERSION = YES;
				CLANG_WARN_OBJC_IMPLICIT_RETAIN_SELF = YES;
				CLANG_WARN_OBJC_LITERAL_CONVERSION = YES;
				CLANG_WARN_OBJC_ROOT_CLASS = YES_ERROR;
				CLANG_WARN_QUOTED_INCLUDE_IN_FRAMEWORK_HEADER = YES;
				CLANG_WARN_RANGE_LOOP_ANALYSIS = YES;
				CLANG_WARN_STRICT_PROTOTYPES = YES;
				CLANG_WARN_SUSPICIOUS_MOVE = YES;
				CLANG_WARN_UNGUARDED_AVAILABILITY = YES_AGGRESSIVE;
				CLANG_WARN_UNREACHABLE_CODE = YES;
				CLANG_WARN__DUPLICATE_METHOD_MATCH = YES;
				COPY_PHASE_STRIP = NO;
				DEBUG_INFORMATION_FORMAT = "dwarf-with-dsym";
				ENABLE_NS_ASSERTIONS = NO;
				ENABLE_STRICT_OBJC_MSGSEND = YES;
				ENABLE_USER_SCRIPT_SANDBOXING = YES;
				GCC_C_LANGUAGE_STANDARD = gnu17;
				GCC_NO_COMMON_BLOCKS = YES;
				GCC_WARN_64_TO_32_BIT_CONVERSION = YES;
				GCC_WARN_ABOUT_RETURN_TYPE = YES_ERROR;
				GCC_WARN_UNDECLARED_SELECTOR = YES;
				GCC_WARN_UNINITIALIZED_AUTOS = YES_AGGRESSIVE;
				GCC_WARN_UNUSED_FUNCTION = YES;
				GCC_WARN_UNUSED_VARIABLE = YES;
				IPHONEOS_DEPLOYMENT_TARGET = 18.0;
				LOCALIZATION_PREFERS_STRING_CATALOGS = YES;
				MTL_ENABLE_DEBUG_INFO = NO;
				MTL_FAST_MATH = YES;
				SDKROOT = iphoneos;
				SWIFT_COMPILATION_MODE = wholemodule;
				VALIDATE_PRODUCT = YES;
			};
			name = Release;
		};
		8985EA0C2CE9F584005E6E3A /* Debug */ = {
			isa = XCBuildConfiguration;
			buildSettings = {
				ASSETCATALOG_COMPILER_APPICON_NAME = AppIcon;
				ASSETCATALOG_COMPILER_GLOBAL_ACCENT_COLOR_NAME = AccentColor;
				CODE_SIGN_STYLE = Automatic;
				CURRENT_PROJECT_VERSION = 1;
				DEVELOPMENT_ASSET_PATHS = "\"PERSIONCRUD/Preview Content\"";
				ENABLE_PREVIEWS = YES;
				GENERATE_INFOPLIST_FILE = YES;
				INFOPLIST_KEY_UIApplicationSceneManifest_Generation = YES;
				INFOPLIST_KEY_UIApplicationSupportsIndirectInputEvents = YES;
				INFOPLIST_KEY_UILaunchScreen_Generation = YES;
				INFOPLIST_KEY_UISupportedInterfaceOrientations_iPad = "UIInterfaceOrientationPortrait UIInterfaceOrientationPortraitUpsideDown UIInterfaceOrientationLandscapeLeft UIInterfaceOrientationLandscapeRight";
				INFOPLIST_KEY_UISupportedInterfaceOrientations_iPhone = "UIInterfaceOrientationPortrait UIInterfaceOrientationLandscapeLeft UIInterfaceOrientationLandscapeRight";
				LD_RUNPATH_SEARCH_PATHS = (
					"$(inherited)",
					"@executable_path/Frameworks",
				);
				MARKETING_VERSION = 1.0;
				PRODUCT_BUNDLE_IDENTIFIER = wozniakdev.PERSIONCRUD;
				PRODUCT_NAME = "$(TARGET_NAME)";
				SWIFT_EMIT_LOC_STRINGS = YES;
				SWIFT_VERSION = 5.0;
				TARGETED_DEVICE_FAMILY = "1,2";
			};
			name = Debug;
		};
		8985EA0D2CE9F584005E6E3A /* Release */ = {
			isa = XCBuildConfiguration;
			buildSettings = {
				ASSETCATALOG_COMPILER_APPICON_NAME = AppIcon;
				ASSETCATALOG_COMPILER_GLOBAL_ACCENT_COLOR_NAME = AccentColor;
				CODE_SIGN_STYLE = Automatic;
				CURRENT_PROJECT_VERSION = 1;
				DEVELOPMENT_ASSET_PATHS = "\"PERSIONCRUD/Preview Content\"";
				ENABLE_PREVIEWS = YES;
				GENERATE_INFOPLIST_FILE = YES;
				INFOPLIST_KEY_UIApplicationSceneManifest_Generation = YES;
				INFOPLIST_KEY_UIApplicationSupportsIndirectInputEvents = YES;
				INFOPLIST_KEY_UILaunchScreen_Generation = YES;
				INFOPLIST_KEY_UISupportedInterfaceOrientations_iPad = "UIInterfaceOrientationPortrait UIInterfaceOrientationPortraitUpsideDown UIInterfaceOrientationLandscapeLeft UIInterfaceOrientationLandscapeRight";
				INFOPLIST_KEY_UISupportedInterfaceOrientations_iPhone = "UIInterfaceOrientationPortrait UIInterfaceOrientationLandscapeLeft UIInterfaceOrientationLandscapeRight";
				LD_RUNPATH_SEARCH_PATHS = (
					"$(inherited)",
					"@executable_path/Frameworks",
				);
				MARKETING_VERSION = 1.0;
				PRODUCT_BUNDLE_IDENTIFIER = wozniakdev.PERSIONCRUD;
				PRODUCT_NAME = "$(TARGET_NAME)";
				SWIFT_EMIT_LOC_STRINGS = YES;
				SWIFT_VERSION = 5.0;
				TARGETED_DEVICE_FAMILY = "1,2";
			};
			name = Release;
		};
		8985EA0F2CE9F584005E6E3A /* Debug */ = {
			isa = XCBuildConfiguration;
			buildSettings = {
				BUNDLE_LOADER = "$(TEST_HOST)";
				CODE_SIGN_STYLE = Automatic;
				CURRENT_PROJECT_VERSION = 1;
				GENERATE_INFOPLIST_FILE = YES;
				IPHONEOS_DEPLOYMENT_TARGET = 18.0;
				MARKETING_VERSION = 1.0;
				PRODUCT_BUNDLE_IDENTIFIER = wozniakdev.PERSIONCRUDTests;
				PRODUCT_NAME = "$(TARGET_NAME)";
				SWIFT_EMIT_LOC_STRINGS = NO;
				SWIFT_VERSION = 5.0;
				TARGETED_DEVICE_FAMILY = "1,2";
				TEST_HOST = "$(BUILT_PRODUCTS_DIR)/PERSIONCRUD.app/$(BUNDLE_EXECUTABLE_FOLDER_PATH)/PERSIONCRUD";
			};
			name = Debug;
		};
		8985EA102CE9F584005E6E3A /* Release */ = {
			isa = XCBuildConfiguration;
			buildSettings = {
				BUNDLE_LOADER = "$(TEST_HOST)";
				CODE_SIGN_STYLE = Automatic;
				CURRENT_PROJECT_VERSION = 1;
				GENERATE_INFOPLIST_FILE = YES;
				IPHONEOS_DEPLOYMENT_TARGET = 18.0;
				MARKETING_VERSION = 1.0;
				PRODUCT_BUNDLE_IDENTIFIER = wozniakdev.PERSIONCRUDTests;
				PRODUCT_NAME = "$(TARGET_NAME)";
				SWIFT_EMIT_LOC_STRINGS = NO;
				SWIFT_VERSION = 5.0;
				TARGETED_DEVICE_FAMILY = "1,2";
				TEST_HOST = "$(BUILT_PRODUCTS_DIR)/PERSIONCRUD.app/$(BUNDLE_EXECUTABLE_FOLDER_PATH)/PERSIONCRUD";
			};
			name = Release;
		};
		8985EA122CE9F584005E6E3A /* Debug */ = {
			isa = XCBuildConfiguration;
			buildSettings = {
				CODE_SIGN_STYLE = Automatic;
				CURRENT_PROJECT_VERSION = 1;
				GENERATE_INFOPLIST_FILE = YES;
				MARKETING_VERSION = 1.0;
				PRODUCT_BUNDLE_IDENTIFIER = wozniakdev.PERSIONCRUDUITests;
				PRODUCT_NAME = "$(TARGET_NAME)";
				SWIFT_EMIT_LOC_STRINGS = NO;
				SWIFT_VERSION = 5.0;
				TARGETED_DEVICE_FAMILY = "1,2";
				TEST_TARGET_NAME = PERSIONCRUD;
			};
			name = Debug;
		};
		8985EA132CE9F584005E6E3A /* Release */ = {
			isa = XCBuildConfiguration;
			buildSettings = {
				CODE_SIGN_STYLE = Automatic;
				CURRENT_PROJECT_VERSION = 1;
				GENERATE_INFOPLIST_FILE = YES;
				MARKETING_VERSION = 1.0;
				PRODUCT_BUNDLE_IDENTIFIER = wozniakdev.PERSIONCRUDUITests;
				PRODUCT_NAME = "$(TARGET_NAME)";
				SWIFT_EMIT_LOC_STRINGS = NO;
				SWIFT_VERSION = 5.0;
				TARGETED_DEVICE_FAMILY = "1,2";
				TEST_TARGET_NAME = PERSIONCRUD;
			};
			name = Release;
		};
/* End XCBuildConfiguration section */

/* Begin XCConfigurationList section */
		8985E9E22CE9F582005E6E3A /* Build configuration list for PBXProject "PERSIONCRUD" */ = {
			isa = XCConfigurationList;
			buildConfigurations = (
				8985EA092CE9F584005E6E3A /* Debug */,
				8985EA0A2CE9F584005E6E3A /* Release */,
			);
			defaultConfigurationIsVisible = 0;
			defaultConfigurationName = Release;
		};
		8985EA0B2CE9F584005E6E3A /* Build configuration list for PBXNativeTarget "PERSIONCRUD" */ = {
			isa = XCConfigurationList;
			buildConfigurations = (
				8985EA0C2CE9F584005E6E3A /* Debug */,
				8985EA0D2CE9F584005E6E3A /* Release */,
			);
			defaultConfigurationIsVisible = 0;
			defaultConfigurationName = Release;
		};
		8985EA0E2CE9F584005E6E3A /* Build configuration list for PBXNativeTarget "PERSIONCRUDTests" */ = {
			isa = XCConfigurationList;
			buildConfigurations = (
				8985EA0F2CE9F584005E6E3A /* Debug */,
				8985EA102CE9F584005E6E3A /* Release */,
			);
			defaultConfigurationIsVisible = 0;
			defaultConfigurationName = Release;
		};
		8985EA112CE9F584005E6E3A /* Build configuration list for PBXNativeTarget "PERSIONCRUDUITests" */ = {
			isa = XCConfigurationList;
			buildConfigurations = (
				8985EA122CE9F584005E6E3A /* Debug */,
				8985EA132CE9F584005E6E3A /* Release */,
			);
			defaultConfigurationIsVisible = 0;
			defaultConfigurationName = Release;
		};
/* End XCConfigurationList section */
	};
	rootObject = 8985E9DF2CE9F582005E6E3A /* Project object */;
}
